
Microsoft Visual Studio Solution File, Format Version 12.00
# Visual Studio 2017
Project("{FAE04EC0-301F-11D3-BF4B-00C04F79EFBC}") = "Sprint1v4", "Sprint1v4.csproj", "{88861741-8878-2DFF-713C-EFD52D459820}"
EndProject
Project("{FAE04EC0-301F-11D3-BF4B-00C04F79EFBC}") = "Sprint1v4.Editor", "Sprint1v4.Editor.csproj", "{9D68FF51-883B-78CD-D488-A2014E46DC66}"
EndProject
Global
	GlobalSection(SolutionConfigurationPlatforms) = preSolution
		Debug|Any CPU = Debug|Any CPU
		Release|Any CPU = Release|Any CPU
	EndGlobalSection
	GlobalSection(ProjectConfigurationPlatforms) = postSolution
		{88861741-8878-2DFF-713C-EFD52D459820}.Debug|Any CPU.ActiveCfg = Debug|Any CPU
		{88861741-8878-2DFF-713C-EFD52D459820}.Debug|Any CPU.Build.0 = Debug|Any CPU
		{88861741-8878-2DFF-713C-EFD52D459820}.Release|Any CPU.ActiveCfg = Release|Any CPU
		{88861741-8878-2DFF-713C-EFD52D459820}.Release|Any CPU.Build.0 = Release|Any CPU
		{9D68FF51-883B-78CD-D488-A2014E46DC66}.Debug|Any CPU.ActiveCfg = Debug|Any CPU
		{9D68FF51-883B-78CD-D488-A2014E46DC66}.Debug|Any CPU.Build.0 = Debug|Any CPU
		{9D68FF51-883B-78CD-D488-A2014E46DC66}.Release|Any CPU.ActiveCfg = Release|Any CPU
		{9D68FF51-883B-78CD-D488-A2014E46DC66}.Release|Any CPU.Build.0 = Release|Any CPU
	EndGlobalSection
	GlobalSection(SolutionProperties) = preSolution
		HideSolutionNode = FALSE
	EndGlobalSection
EndGlobal
